// !$*UTF8*$!
{
	archiveVersion = 1;
	classes = {
	};
	objectVersion = 46;
	objects = {

/* Begin PBXBuildFile section */
		F103D4E21845D262006AAD1B /* Foundation.framework in Frameworks */ = {isa = PBXBuildFile; fileRef = F103D4E11845D262006AAD1B /* Foundation.framework */; };
		F103D4E41845D262006AAD1B /* CoreGraphics.framework in Frameworks */ = {isa = PBXBuildFile; fileRef = F103D4E31845D262006AAD1B /* CoreGraphics.framework */; };
		F103D4E61845D262006AAD1B /* UIKit.framework in Frameworks */ = {isa = PBXBuildFile; fileRef = F103D4E51845D262006AAD1B /* UIKit.framework */; };
		F103D4EC1845D262006AAD1B /* InfoPlist.strings in Resources */ = {isa = PBXBuildFile; fileRef = F103D4EA1845D262006AAD1B /* InfoPlist.strings */; };
		F103D4EE1845D262006AAD1B /* main.m in Sources */ = {isa = PBXBuildFile; fileRef = F103D4ED1845D262006AAD1B /* main.m */; };
		F103D4F21845D262006AAD1B /* NXAppDelegate.m in Sources */ = {isa = PBXBuildFile; fileRef = F103D4F11845D262006AAD1B /* NXAppDelegate.m */; };
		F103D4F51845D262006AAD1B /* Main.storyboard in Resources */ = {isa = PBXBuildFile; fileRef = F103D4F31845D262006AAD1B /* Main.storyboard */; };
		F103D4F81845D262006AAD1B /* NXViewController.m in Sources */ = {isa = PBXBuildFile; fileRef = F103D4F71845D262006AAD1B /* NXViewController.m */; };
		F103D4FA1845D262006AAD1B /* Images.xcassets in Resources */ = {isa = PBXBuildFile; fileRef = F103D4F91845D262006AAD1B /* Images.xcassets */; };
		F103D5011845D262006AAD1B /* XCTest.framework in Frameworks */ = {isa = PBXBuildFile; fileRef = F103D5001845D262006AAD1B /* XCTest.framework */; };
		F103D5021845D262006AAD1B /* Foundation.framework in Frameworks */ = {isa = PBXBuildFile; fileRef = F103D4E11845D262006AAD1B /* Foundation.framework */; };
		F103D5031845D262006AAD1B /* UIKit.framework in Frameworks */ = {isa = PBXBuildFile; fileRef = F103D4E51845D262006AAD1B /* UIKit.framework */; };
		F103D50B1845D262006AAD1B /* InfoPlist.strings in Resources */ = {isa = PBXBuildFile; fileRef = F103D5091845D262006AAD1B /* InfoPlist.strings */; };
		F103D50D1845D262006AAD1B /* WoonoPhoto2Tests.m in Sources */ = {isa = PBXBuildFile; fileRef = F103D50C1845D262006AAD1B /* WoonoPhoto2Tests.m */; };
		F103D5171845D374006AAD1B /* TreeUnderTheSkyPortrait.jpg in Resources */ = {isa = PBXBuildFile; fileRef = F103D5161845D374006AAD1B /* TreeUnderTheSkyPortrait.jpg */; };
		F103D51B1845D8EC006AAD1B /* NXSecondViewController.m in Sources */ = {isa = PBXBuildFile; fileRef = F103D51A1845D8EC006AAD1B /* NXSecondViewController.m */; };
		F103D51D1845DCDB006AAD1B /* SignUpWithFacebook.jpg in Resources */ = {isa = PBXBuildFile; fileRef = F103D51C1845DCDB006AAD1B /* SignUpWithFacebook.jpg */; };
		F103D51F1845DD32006AAD1B /* preview.jpg in Resources */ = {isa = PBXBuildFile; fileRef = F103D51E1845DD32006AAD1B /* preview.jpg */; };
		F103D5211845DD9B006AAD1B /* SignUpWithFacebookAlone.png in Resources */ = {isa = PBXBuildFile; fileRef = F103D5201845DD9B006AAD1B /* SignUpWithFacebookAlone.png */; };
		F103D5251845E019006AAD1B /* KO_Signupwithfacebook.png in Resources */ = {isa = PBXBuildFile; fileRef = F103D5241845E019006AAD1B /* KO_Signupwithfacebook.png */; };
		F158E32A184EC383002916FA /* suzi.jpg in Resources */ = {isa = PBXBuildFile; fileRef = F158E329184EC383002916FA /* suzi.jpg */; };
		F158E32C184EC44B002916FA /* Usami.jpg in Resources */ = {isa = PBXBuildFile; fileRef = F158E32B184EC44B002916FA /* Usami.jpg */; };
		F158E32F184ECE6C002916FA /* NXDataModel.m in Sources */ = {isa = PBXBuildFile; fileRef = F158E32E184ECE6C002916FA /* NXDataModel.m */; };
		F158E334184F0B41002916FA /* NXTableViewController.m in Sources */ = {isa = PBXBuildFile; fileRef = F158E333184F0B41002916FA /* NXTableViewController.m */; };
		F158E337184F1F38002916FA /* NXPhotoViewController.m in Sources */ = {isa = PBXBuildFile; fileRef = F158E336184F1F38002916FA /* NXPhotoViewController.m */; };
/* End PBXBuildFile section */

/* Begin PBXContainerItemProxy section */
		F103D5041845D262006AAD1B /* PBXContainerItemProxy */ = {
			isa = PBXContainerItemProxy;
			containerPortal = F103D4D61845D262006AAD1B /* Project object */;
			proxyType = 1;
			remoteGlobalIDString = F103D4DD1845D262006AAD1B;
			remoteInfo = WoonoPhoto2;
		};
/* End PBXContainerItemProxy section */

/* Begin PBXFileReference section */
		F103D4DE1845D262006AAD1B /* WoonoPhoto2.app */ = {isa = PBXFileReference; explicitFileType = wrapper.application; includeInIndex = 0; path = WoonoPhoto2.app; sourceTree = BUILT_PRODUCTS_DIR; };
		F103D4E11845D262006AAD1B /* Foundation.framework */ = {isa = PBXFileReference; lastKnownFileType = wrapper.framework; name = Foundation.framework; path = System/Library/Frameworks/Foundation.framework; sourceTree = SDKROOT; };
		F103D4E31845D262006AAD1B /* CoreGraphics.framework */ = {isa = PBXFileReference; lastKnownFileType = wrapper.framework; name = CoreGraphics.framework; path = System/Library/Frameworks/CoreGraphics.framework; sourceTree = SDKROOT; };
		F103D4E51845D262006AAD1B /* UIKit.framework */ = {isa = PBXFileReference; lastKnownFileType = wrapper.framework; name = UIKit.framework; path = System/Library/Frameworks/UIKit.framework; sourceTree = SDKROOT; };
		F103D4E91845D262006AAD1B /* WoonoPhoto2-Info.plist */ = {isa = PBXFileReference; lastKnownFileType = text.plist.xml; path = "WoonoPhoto2-Info.plist"; sourceTree = "<group>"; };
		F103D4EB1845D262006AAD1B /* en */ = {isa = PBXFileReference; lastKnownFileType = text.plist.strings; name = en; path = en.lproj/InfoPlist.strings; sourceTree = "<group>"; };
		F103D4ED1845D262006AAD1B /* main.m */ = {isa = PBXFileReference; lastKnownFileType = sourcecode.c.objc; path = main.m; sourceTree = "<group>"; };
		F103D4EF1845D262006AAD1B /* WoonoPhoto2-Prefix.pch */ = {isa = PBXFileReference; lastKnownFileType = sourcecode.c.h; path = "WoonoPhoto2-Prefix.pch"; sourceTree = "<group>"; };
		F103D4F01845D262006AAD1B /* NXAppDelegate.h */ = {isa = PBXFileReference; lastKnownFileType = sourcecode.c.h; path = NXAppDelegate.h; sourceTree = "<group>"; };
		F103D4F11845D262006AAD1B /* NXAppDelegate.m */ = {isa = PBXFileReference; lastKnownFileType = sourcecode.c.objc; path = NXAppDelegate.m; sourceTree = "<group>"; };
		F103D4F41845D262006AAD1B /* Base */ = {isa = PBXFileReference; lastKnownFileType = file.storyboard; name = Base; path = Base.lproj/Main.storyboard; sourceTree = "<group>"; };
		F103D4F61845D262006AAD1B /* NXViewController.h */ = {isa = PBXFileReference; lastKnownFileType = sourcecode.c.h; path = NXViewController.h; sourceTree = "<group>"; };
		F103D4F71845D262006AAD1B /* NXViewController.m */ = {isa = PBXFileReference; lastKnownFileType = sourcecode.c.objc; path = NXViewController.m; sourceTree = "<group>"; };
		F103D4F91845D262006AAD1B /* Images.xcassets */ = {isa = PBXFileReference; lastKnownFileType = folder.assetcatalog; path = Images.xcassets; sourceTree = "<group>"; };
		F103D4FF1845D262006AAD1B /* WoonoPhoto2Tests.xctest */ = {isa = PBXFileReference; explicitFileType = wrapper.cfbundle; includeInIndex = 0; path = WoonoPhoto2Tests.xctest; sourceTree = BUILT_PRODUCTS_DIR; };
		F103D5001845D262006AAD1B /* XCTest.framework */ = {isa = PBXFileReference; lastKnownFileType = wrapper.framework; name = XCTest.framework; path = Library/Frameworks/XCTest.framework; sourceTree = DEVELOPER_DIR; };
		F103D5081845D262006AAD1B /* WoonoPhoto2Tests-Info.plist */ = {isa = PBXFileReference; lastKnownFileType = text.plist.xml; path = "WoonoPhoto2Tests-Info.plist"; sourceTree = "<group>"; };
		F103D50A1845D262006AAD1B /* en */ = {isa = PBXFileReference; lastKnownFileType = text.plist.strings; name = en; path = en.lproj/InfoPlist.strings; sourceTree = "<group>"; };
		F103D50C1845D262006AAD1B /* WoonoPhoto2Tests.m */ = {isa = PBXFileReference; lastKnownFileType = sourcecode.c.objc; path = WoonoPhoto2Tests.m; sourceTree = "<group>"; };
		F103D5161845D374006AAD1B /* TreeUnderTheSkyPortrait.jpg */ = {isa = PBXFileReference; lastKnownFileType = image.jpeg; path = TreeUnderTheSkyPortrait.jpg; sourceTree = "<group>"; };
		F103D5191845D8EC006AAD1B /* NXSecondViewController.h */ = {isa = PBXFileReference; fileEncoding = 4; lastKnownFileType = sourcecode.c.h; path = NXSecondViewController.h; sourceTree = "<group>"; };
		F103D51A1845D8EC006AAD1B /* NXSecondViewController.m */ = {isa = PBXFileReference; fileEncoding = 4; lastKnownFileType = sourcecode.c.objc; path = NXSecondViewController.m; sourceTree = "<group>"; };
		F103D51C1845DCDB006AAD1B /* SignUpWithFacebook.jpg */ = {isa = PBXFileReference; lastKnownFileType = image.jpeg; path = SignUpWithFacebook.jpg; sourceTree = "<group>"; };
		F103D51E1845DD32006AAD1B /* preview.jpg */ = {isa = PBXFileReference; lastKnownFileType = image.jpeg; path = preview.jpg; sourceTree = "<group>"; };
		F103D5201845DD9B006AAD1B /* SignUpWithFacebookAlone.png */ = {isa = PBXFileReference; lastKnownFileType = image.png; path = SignUpWithFacebookAlone.png; sourceTree = "<group>"; };
		F103D5241845E019006AAD1B /* KO_Signupwithfacebook.png */ = {isa = PBXFileReference; lastKnownFileType = image.png; path = KO_Signupwithfacebook.png; sourceTree = "<group>"; };
		F158E329184EC383002916FA /* suzi.jpg */ = {isa = PBXFileReference; lastKnownFileType = image.jpeg; path = suzi.jpg; sourceTree = "<group>"; };
		F158E32B184EC44B002916FA /* Usami.jpg */ = {isa = PBXFileReference; lastKnownFileType = image.jpeg; path = Usami.jpg; sourceTree = "<group>"; };
		F158E32D184ECE6C002916FA /* NXDataModel.h */ = {isa = PBXFileReference; fileEncoding = 4; lastKnownFileType = sourcecode.c.h; path = NXDataModel.h; sourceTree = "<group>"; };
		F158E32E184ECE6C002916FA /* NXDataModel.m */ = {isa = PBXFileReference; fileEncoding = 4; lastKnownFileType = sourcecode.c.objc; path = NXDataModel.m; sourceTree = "<group>"; };
		F158E332184F0B41002916FA /* NXTableViewController.h */ = {isa = PBXFileReference; fileEncoding = 4; lastKnownFileType = sourcecode.c.h; path = NXTableViewController.h; sourceTree = "<group>"; };
		F158E333184F0B41002916FA /* NXTableViewController.m */ = {isa = PBXFileReference; fileEncoding = 4; lastKnownFileType = sourcecode.c.objc; path = NXTableViewController.m; sourceTree = "<group>"; };
		F158E335184F1F38002916FA /* NXPhotoViewController.h */ = {isa = PBXFileReference; fileEncoding = 4; lastKnownFileType = sourcecode.c.h; path = NXPhotoViewController.h; sourceTree = "<group>"; };
		F158E336184F1F38002916FA /* NXPhotoViewController.m */ = {isa = PBXFileReference; fileEncoding = 4; lastKnownFileType = sourcecode.c.objc; path = NXPhotoViewController.m; sourceTree = "<group>"; };
/* End PBXFileReference section */

/* Begin PBXFrameworksBuildPhase section */
		F103D4DB1845D262006AAD1B /* Frameworks */ = {
			isa = PBXFrameworksBuildPhase;
			buildActionMask = 2147483647;
			files = (
				F103D4E41845D262006AAD1B /* CoreGraphics.framework in Frameworks */,
				F103D4E61845D262006AAD1B /* UIKit.framework in Frameworks */,
				F103D4E21845D262006AAD1B /* Foundation.framework in Frameworks */,
			);
			runOnlyForDeploymentPostprocessing = 0;
		};
		F103D4FC1845D262006AAD1B /* Frameworks */ = {
			isa = PBXFrameworksBuildPhase;
			buildActionMask = 2147483647;
			files = (
				F103D5011845D262006AAD1B /* XCTest.framework in Frameworks */,
				F103D5031845D262006AAD1B /* UIKit.framework in Frameworks */,
				F103D5021845D262006AAD1B /* Foundation.framework in Frameworks */,
			);
			runOnlyForDeploymentPostprocessing = 0;
		};
/* End PBXFrameworksBuildPhase section */

/* Begin PBXGroup section */
		F103D4D51845D262006AAD1B = {
			isa = PBXGroup;
			children = (
				F103D4E71845D262006AAD1B /* WoonoPhoto2 */,
				F103D5061845D262006AAD1B /* WoonoPhoto2Tests */,
				F103D4E01845D262006AAD1B /* Frameworks */,
				F103D4DF1845D262006AAD1B /* Products */,
			);
			sourceTree = "<group>";
		};
		F103D4DF1845D262006AAD1B /* Products */ = {
			isa = PBXGroup;
			children = (
				F103D4DE1845D262006AAD1B /* WoonoPhoto2.app */,
				F103D4FF1845D262006AAD1B /* WoonoPhoto2Tests.xctest */,
			);
			name = Products;
			sourceTree = "<group>";
		};
		F103D4E01845D262006AAD1B /* Frameworks */ = {
			isa = PBXGroup;
			children = (
				F103D4E11845D262006AAD1B /* Foundation.framework */,
				F103D4E31845D262006AAD1B /* CoreGraphics.framework */,
				F103D4E51845D262006AAD1B /* UIKit.framework */,
				F103D5001845D262006AAD1B /* XCTest.framework */,
			);
			name = Frameworks;
			sourceTree = "<group>";
		};
		F103D4E71845D262006AAD1B /* WoonoPhoto2 */ = {
			isa = PBXGroup;
			children = (
				F103D5181845D379006AAD1B /* Photo */,
				F103D4F01845D262006AAD1B /* NXAppDelegate.h */,
				F103D4F11845D262006AAD1B /* NXAppDelegate.m */,
				F158E332184F0B41002916FA /* NXTableViewController.h */,
				F158E333184F0B41002916FA /* NXTableViewController.m */,
				F158E335184F1F38002916FA /* NXPhotoViewController.h */,
				F158E336184F1F38002916FA /* NXPhotoViewController.m */,
				F103D4F31845D262006AAD1B /* Main.storyboard */,
				F103D51A1845D8EC006AAD1B /* NXSecondViewController.m */,
				F103D5191845D8EC006AAD1B /* NXSecondViewController.h */,
				F103D4F61845D262006AAD1B /* NXViewController.h */,
				F103D4F71845D262006AAD1B /* NXViewController.m */,
				F158E32D184ECE6C002916FA /* NXDataModel.h */,
				F158E32E184ECE6C002916FA /* NXDataModel.m */,
				F103D4F91845D262006AAD1B /* Images.xcassets */,
				F103D4E81845D262006AAD1B /* Supporting Files */,
			);
			path = WoonoPhoto2;
			sourceTree = "<group>";
		};
		F103D4E81845D262006AAD1B /* Supporting Files */ = {
			isa = PBXGroup;
			children = (
				F103D4E91845D262006AAD1B /* WoonoPhoto2-Info.plist */,
				F103D4EA1845D262006AAD1B /* InfoPlist.strings */,
				F103D4ED1845D262006AAD1B /* main.m */,
				F103D4EF1845D262006AAD1B /* WoonoPhoto2-Prefix.pch */,
			);
			name = "Supporting Files";
			sourceTree = "<group>";
		};
		F103D5061845D262006AAD1B /* WoonoPhoto2Tests */ = {
			isa = PBXGroup;
			children = (
				F103D50C1845D262006AAD1B /* WoonoPhoto2Tests.m */,
				F103D5071845D262006AAD1B /* Supporting Files */,
			);
			path = WoonoPhoto2Tests;
			sourceTree = "<group>";
		};
		F103D5071845D262006AAD1B /* Supporting Files */ = {
			isa = PBXGroup;
			children = (
				F103D5081845D262006AAD1B /* WoonoPhoto2Tests-Info.plist */,
				F103D5091845D262006AAD1B /* InfoPlist.strings */,
			);
			name = "Supporting Files";
			sourceTree = "<group>";
		};
		F103D5181845D379006AAD1B /* Photo */ = {
			isa = PBXGroup;
			children = (
				F158E329184EC383002916FA /* suzi.jpg */,
				F103D5241845E019006AAD1B /* KO_Signupwithfacebook.png */,
				F103D5201845DD9B006AAD1B /* SignUpWithFacebookAlone.png */,
				F103D51E1845DD32006AAD1B /* preview.jpg */,
				F158E32B184EC44B002916FA /* Usami.jpg */,
				F103D51C1845DCDB006AAD1B /* SignUpWithFacebook.jpg */,
				F103D5161845D374006AAD1B /* TreeUnderTheSkyPortrait.jpg */,
			);
			name = Photo;
			sourceTree = "<group>";
		};
/* End PBXGroup section */

/* Begin PBXNativeTarget section */
		F103D4DD1845D262006AAD1B /* WoonoPhoto2 */ = {
			isa = PBXNativeTarget;
			buildConfigurationList = F103D5101845D262006AAD1B /* Build configuration list for PBXNativeTarget "WoonoPhoto2" */;
			buildPhases = (
				F103D4DA1845D262006AAD1B /* Sources */,
				F103D4DB1845D262006AAD1B /* Frameworks */,
				F103D4DC1845D262006AAD1B /* Resources */,
			);
			buildRules = (
			);
			dependencies = (
			);
			name = WoonoPhoto2;
			productName = WoonoPhoto2;
			productReference = F103D4DE1845D262006AAD1B /* WoonoPhoto2.app */;
			productType = "com.apple.product-type.application";
		};
		F103D4FE1845D262006AAD1B /* WoonoPhoto2Tests */ = {
			isa = PBXNativeTarget;
			buildConfigurationList = F103D5131845D262006AAD1B /* Build configuration list for PBXNativeTarget "WoonoPhoto2Tests" */;
			buildPhases = (
				F103D4FB1845D262006AAD1B /* Sources */,
				F103D4FC1845D262006AAD1B /* Frameworks */,
				F103D4FD1845D262006AAD1B /* Resources */,
			);
			buildRules = (
			);
			dependencies = (
				F103D5051845D262006AAD1B /* PBXTargetDependency */,
			);
			name = WoonoPhoto2Tests;
			productName = WoonoPhoto2Tests;
			productReference = F103D4FF1845D262006AAD1B /* WoonoPhoto2Tests.xctest */;
			productType = "com.apple.product-type.bundle.unit-test";
		};
/* End PBXNativeTarget section */

/* Begin PBXProject section */
		F103D4D61845D262006AAD1B /* Project object */ = {
			isa = PBXProject;
			attributes = {
				CLASSPREFIX = NX;
				LastUpgradeCheck = 0500;
				ORGANIZATIONNAME = "NHN NEXT";
				TargetAttributes = {
					F103D4FE1845D262006AAD1B = {
						TestTargetID = F103D4DD1845D262006AAD1B;
					};
				};
			};
			buildConfigurationList = F103D4D91845D262006AAD1B /* Build configuration list for PBXProject "WoonoPhoto2" */;
			compatibilityVersion = "Xcode 3.2";
			developmentRegion = English;
			hasScannedForEncodings = 0;
			knownRegions = (
				en,
				Base,
			);
			mainGroup = F103D4D51845D262006AAD1B;
			productRefGroup = F103D4DF1845D262006AAD1B /* Products */;
			projectDirPath = "";
			projectRoot = "";
			targets = (
				F103D4DD1845D262006AAD1B /* WoonoPhoto2 */,
				F103D4FE1845D262006AAD1B /* WoonoPhoto2Tests */,
			);
		};
/* End PBXProject section */

/* Begin PBXResourcesBuildPhase section */
		F103D4DC1845D262006AAD1B /* Resources */ = {
			isa = PBXResourcesBuildPhase;
			buildActionMask = 2147483647;
			files = (
				F103D4FA1845D262006AAD1B /* Images.xcassets in Resources */,
				F103D5251845E019006AAD1B /* KO_Signupwithfacebook.png in Resources */,
				F103D5171845D374006AAD1B /* TreeUnderTheSkyPortrait.jpg in Resources */,
				F103D51F1845DD32006AAD1B /* preview.jpg in Resources */,
				F158E32A184EC383002916FA /* suzi.jpg in Resources */,
				F158E32C184EC44B002916FA /* Usami.jpg in Resources */,
				F103D4EC1845D262006AAD1B /* InfoPlist.strings in Resources */,
				F103D51D1845DCDB006AAD1B /* SignUpWithFacebook.jpg in Resources */,
				F103D5211845DD9B006AAD1B /* SignUpWithFacebookAlone.png in Resources */,
				F103D4F51845D262006AAD1B /* Main.storyboard in Resources */,
			);
			runOnlyForDeploymentPostprocessing = 0;
		};
		F103D4FD1845D262006AAD1B /* Resources */ = {
			isa = PBXResourcesBuildPhase;
			buildActionMask = 2147483647;
			files = (
				F103D50B1845D262006AAD1B /* InfoPlist.strings in Resources */,
			);
			runOnlyForDeploymentPostprocessing = 0;
		};
/* End PBXResourcesBuildPhase section */

/* Begin PBXSourcesBuildPhase section */
		F103D4DA1845D262006AAD1B /* Sources */ = {
			isa = PBXSourcesBuildPhase;
			buildActionMask = 2147483647;
			files = (
				F103D51B1845D8EC006AAD1B /* NXSecondViewController.m in Sources */,
				F158E32F184ECE6C002916FA /* NXDataModel.m in Sources */,
				F103D4F21845D262006AAD1B /* NXAppDelegate.m in Sources */,
				F158E334184F0B41002916FA /* NXTableViewController.m in Sources */,
				F103D4EE1845D262006AAD1B /* main.m in Sources */,
				F158E337184F1F38002916FA /* NXPhotoViewController.m in Sources */,
				F103D4F81845D262006AAD1B /* NXViewController.m in Sources */,
			);
			runOnlyForDeploymentPostprocessing = 0;
		};
		F103D4FB1845D262006AAD1B /* Sources */ = {
			isa = PBXSourcesBuildPhase;
			buildActionMask = 2147483647;
			files = (
				F103D50D1845D262006AAD1B /* WoonoPhoto2Tests.m in Sources */,
			);
			runOnlyForDeploymentPostprocessing = 0;
		};
/* End PBXSourcesBuildPhase section */

/* Begin PBXTargetDependency section */
		F103D5051845D262006AAD1B /* PBXTargetDependency */ = {
			isa = PBXTargetDependency;
			target = F103D4DD1845D262006AAD1B /* WoonoPhoto2 */;
			targetProxy = F103D5041845D262006AAD1B /* PBXContainerItemProxy */;
		};
/* End PBXTargetDependency section */

/* Begin PBXVariantGroup section */
		F103D4EA1845D262006AAD1B /* InfoPlist.strings */ = {
			isa = PBXVariantGroup;
			children = (
				F103D4EB1845D262006AAD1B /* en */,
			);
			name = InfoPlist.strings;
			sourceTree = "<group>";
		};
		F103D4F31845D262006AAD1B /* Main.storyboard */ = {
			isa = PBXVariantGroup;
			children = (
				F103D4F41845D262006AAD1B /* Base */,
			);
			name = Main.storyboard;
			sourceTree = "<group>";
		};
		F103D5091845D262006AAD1B /* InfoPlist.strings */ = {
			isa = PBXVariantGroup;
			children = (
				F103D50A1845D262006AAD1B /* en */,
			);
			name = InfoPlist.strings;
			sourceTree = "<group>";
		};
/* End PBXVariantGroup section */

/* Begin XCBuildConfiguration section */
		F103D50E1845D262006AAD1B /* Debug */ = {
			isa = XCBuildConfiguration;
			buildSettings = {
				ALWAYS_SEARCH_USER_PATHS = NO;
				ARCHS = "$(ARCHS_STANDARD_INCLUDING_64_BIT)";
				CLANG_CXX_LANGUAGE_STANDARD = "gnu++0x";
				CLANG_CXX_LIBRARY = "libc++";
				CLANG_ENABLE_MODULES = YES;
				CLANG_ENABLE_OBJC_ARC = YES;
				CLANG_WARN_BOOL_CONVERSION = YES;
				CLANG_WARN_CONSTANT_CONVERSION = YES;
				CLANG_WARN_DIRECT_OBJC_ISA_USAGE = YES_ERROR;
				CLANG_WARN_EMPTY_BODY = YES;
				CLANG_WARN_ENUM_CONVERSION = YES;
				CLANG_WARN_INT_CONVERSION = YES;
				CLANG_WARN_OBJC_ROOT_CLASS = YES_ERROR;
				CLANG_WARN__DUPLICATE_METHOD_MATCH = YES;
				"CODE_SIGN_IDENTITY[sdk=iphoneos*]" = "iPhone Developer";
				COPY_PHASE_STRIP = NO;
				GCC_C_LANGUAGE_STANDARD = gnu99;
				GCC_DYNAMIC_NO_PIC = NO;
				GCC_OPTIMIZATION_LEVEL = 0;
				GCC_PREPROCESSOR_DEFINITIONS = (
					"DEBUG=1",
					"$(inherited)",
				);
				GCC_SYMBOLS_PRIVATE_EXTERN = NO;
				GCC_WARN_64_TO_32_BIT_CONVERSION = YES;
				GCC_WARN_ABOUT_RETURN_TYPE = YES_ERROR;
				GCC_WARN_UNDECLARED_SELECTOR = YES;
				GCC_WARN_UNINITIALIZED_AUTOS = YES;
				GCC_WARN_UNUSED_FUNCTION = YES;
				GCC_WARN_UNUSED_VARIABLE = YES;
				IPHONEOS_DEPLOYMENT_TARGET = 7.0;
				ONLY_ACTIVE_ARCH = YES;
				SDKROOT = iphoneos;
			};
			name = Debug;
		};
		F103D50F1845D262006AAD1B /* Release */ = {
			isa = XCBuildConfiguration;
			buildSettings = {
				ALWAYS_SEARCH_USER_PATHS = NO;
				ARCHS = "$(ARCHS_STANDARD_INCLUDING_64_BIT)";
				CLANG_CXX_LANGUAGE_STANDARD = "gnu++0x";
				CLANG_CXX_LIBRARY = "libc++";
				CLANG_ENABLE_MODULES = YES;
				CLANG_ENABLE_OBJC_ARC = YES;
				CLANG_WARN_BOOL_CONVERSION = YES;
				CLANG_WARN_CONSTANT_CONVERSION = YES;
				CLANG_WARN_DIRECT_OBJC_ISA_USAGE = YES_ERROR;
				CLANG_WARN_EMPTY_BODY = YES;
				CLANG_WARN_ENUM_CONVERSION = YES;
				CLANG_WARN_INT_CONVERSION = YES;
				CLANG_WARN_OBJC_ROOT_CLASS = YES_ERROR;
				CLANG_WARN__DUPLICATE_METHOD_MATCH = YES;
				"CODE_SIGN_IDENTITY[sdk=iphoneos*]" = "iPhone Developer";
				COPY_PHASE_STRIP = YES;
				ENABLE_NS_ASSERTIONS = NO;
				GCC_C_LANGUAGE_STANDARD = gnu99;
				GCC_WARN_64_TO_32_BIT_CONVERSION = YES;
				GCC_WARN_ABOUT_RETURN_TYPE = YES_ERROR;
				GCC_WARN_UNDECLARED_SELECTOR = YES;
				GCC_WARN_UNINITIALIZED_AUTOS = YES;
				GCC_WARN_UNUSED_FUNCTION = YES;
				GCC_WARN_UNUSED_VARIABLE = YES;
				IPHONEOS_DEPLOYMENT_TARGET = 7.0;
				SDKROOT = iphoneos;
				VALIDATE_PRODUCT = YES;
			};
			name = Release;
		};
		F103D5111845D262006AAD1B /* Debug */ = {
			isa = XCBuildConfiguration;
			buildSettings = {
				ASSETCATALOG_COMPILER_APPICON_NAME = AppIcon;
				ASSETCATALOG_COMPILER_LAUNCHIMAGE_NAME = LaunchImage;
				GCC_PRECOMPILE_PREFIX_HEADER = YES;
				GCC_PREFIX_HEADER = "WoonoPhoto2/WoonoPhoto2-Prefix.pch";
				INFOPLIST_FILE = "WoonoPhoto2/WoonoPhoto2-Info.plist";
				PRODUCT_NAME = "$(TARGET_NAME)";
				WRAPPER_EXTENSION = app;
			};
			name = Debug;
		};
		F103D5121845D262006AAD1B /* Release */ = {
			isa = XCBuildConfiguration;
			buildSettings = {
				ASSETCATALOG_COMPILER_APPICON_NAME = AppIcon;
				ASSETCATALOG_COMPILER_LAUNCHIMAGE_NAME = LaunchImage;
				GCC_PRECOMPILE_PREFIX_HEADER = YES;
				GCC_PREFIX_HEADER = "WoonoPhoto2/WoonoPhoto2-Prefix.pch";
				INFOPLIST_FILE = "WoonoPhoto2/WoonoPhoto2-Info.plist";
				PRODUCT_NAME = "$(TARGET_NAME)";
				WRAPPER_EXTENSION = app;
			};
			name = Release;
		};
		F103D5141845D262006AAD1B /* Debug */ = {
			isa = XCBuildConfiguration;
			buildSettings = {
				ARCHS = "$(ARCHS_STANDARD_INCLUDING_64_BIT)";
				BUNDLE_LOADER = "$(BUILT_PRODUCTS_DIR)/WoonoPhoto2.app/WoonoPhoto2";
				FRAMEWORK_SEARCH_PATHS = (
					"$(SDKROOT)/Developer/Library/Frameworks",
					"$(inherited)",
					"$(DEVELOPER_FRAMEWORKS_DIR)",
				);
				GCC_PRECOMPILE_PREFIX_HEADER = YES;
				GCC_PREFIX_HEADER = "WoonoPhoto2/WoonoPhoto2-Prefix.pch";
				GCC_PREPROCESSOR_DEFINITIONS = (
					"DEBUG=1",
					"$(inherited)",
				);
				INFOPLIST_FILE = "WoonoPhoto2Tests/WoonoPhoto2Tests-Info.plist";
				PRODUCT_NAME = "$(TARGET_NAME)";
				TEST_HOST = "$(BUNDLE_LOADER)";
				WRAPPER_EXTENSION = xctest;
			};
			name = Debug;
		};
		F103D5151845D262006AAD1B /* Release */ = {
			isa = XCBuildConfiguration;
			buildSettings = {
				ARCHS = "$(ARCHS_STANDARD_INCLUDING_64_BIT)";
				BUNDLE_LOADER = "$(BUILT_PRODUCTS_DIR)/WoonoPhoto2.app/WoonoPhoto2";
				FRAMEWORK_SEARCH_PATHS = (
					"$(SDKROOT)/Developer/Library/Frameworks",
					"$(inherited)",
					"$(DEVELOPER_FRAMEWORKS_DIR)",
				);
				GCC_PRECOMPILE_PREFIX_HEADER = YES;
				GCC_PREFIX_HEADER = "WoonoPhoto2/WoonoPhoto2-Prefix.pch";
				INFOPLIST_FILE = "WoonoPhoto2Tests/WoonoPhoto2Tests-Info.plist";
				PRODUCT_NAME = "$(TARGET_NAME)";
				TEST_HOST = "$(BUNDLE_LOADER)";
				WRAPPER_EXTENSION = xctest;
			};
			name = Release;
		};
/* End XCBuildConfiguration section */

/* Begin XCConfigurationList section */
		F103D4D91845D262006AAD1B /* Build configuration list for PBXProject "WoonoPhoto2" */ = {
			isa = XCConfigurationList;
			buildConfigurations = (
				F103D50E1845D262006AAD1B /* Debug */,
				F103D50F1845D262006AAD1B /* Release */,
			);
			defaultConfigurationIsVisible = 0;
			defaultConfigurationName = Release;
		};
		F103D5101845D262006AAD1B /* Build configuration list for PBXNativeTarget "WoonoPhoto2" */ = {
			isa = XCConfigurationList;
			buildConfigurations = (
				F103D5111845D262006AAD1B /* Debug */,
				F103D5121845D262006AAD1B /* Release */,
			);
			defaultConfigurationIsVisible = 0;
			defaultConfigurationName = Release;
		};
		F103D5131845D262006AAD1B /* Build configuration list for PBXNativeTarget "WoonoPhoto2Tests" */ = {
			isa = XCConfigurationList;
			buildConfigurations = (
				F103D5141845D262006AAD1B /* Debug */,
				F103D5151845D262006AAD1B /* Release */,
			);
			defaultConfigurationIsVisible = 0;
			defaultConfigurationName = Release;
		};
/* End XCConfigurationList section */
	};
	rootObject = F103D4D61845D262006AAD1B /* Project object */;
}
